
Microsoft Visual Studio Solution File, Format Version 11.00
# Visual C++ Express 2010
Project("{8BC9CEB8-8B4A-11D0-8D11-00A0C91BC942}") = "test2", "test2\test2.vcxproj", "{324E7876-B6A4-47B0-83C9-9A2E509B2F77}"
EndProject
Global
	GlobalSection(SolutionConfigurationPlatforms) = preSolution
		Debug|Win32 = Debug|Win32
		Release|Win32 = Release|Win32
	EndGlobalSection
	GlobalSection(ProjectConfigurationPlatforms) = postSolution
		{324E7876-B6A4-47B0-83C9-9A2E509B2F77}.Debug|Win32.ActiveCfg = Debug|Win32
		{324E7876-B6A4-47B0-83C9-9A2E509B2F77}.Debug|Win32.Build.0 = Debug|Win32
		{324E7876-B6A4-47B0-83C9-9A2E509B2F77}.Release|Win32.ActiveCfg = Release|Win32
		{324E7876-B6A4-47B0-83C9-9A2E509B2F77}.Release|Win32.Build.0 = Release|Win32
	EndGlobalSection
	GlobalSection(SolutionProperties) = preSolution
		HideSolutionNode = FALSE
	EndGlobalSection
EndGlobal
